
Microsoft Visual Studio Solution File, Format Version 12.00
# Visual Studio 15
VisualStudioVersion = 15.0.28307.489
MinimumVisualStudioVersion = 10.0.40219.1
Project("{FAE04EC0-301F-11D3-BF4B-00C04F79EFBC}") = "StudentExercisesWebView", "StudentExercisesWebView\StudentExercisesWebView.csproj", "{C11A1A5D-5740-4270-9A02-F66BF0909FC1}"
EndProject
Global
	GlobalSection(SolutionConfigurationPlatforms) = preSolution
		Debug|Any CPU = Debug|Any CPU
		Release|Any CPU = Release|Any CPU
	EndGlobalSection
	GlobalSection(ProjectConfigurationPlatforms) = postSolution
		{C11A1A5D-5740-4270-9A02-F66BF0909FC1}.Debug|Any CPU.ActiveCfg = Debug|Any CPU
		{C11A1A5D-5740-4270-9A02-F66BF0909FC1}.Debug|Any CPU.Build.0 = Debug|Any CPU
		{C11A1A5D-5740-4270-9A02-F66BF0909FC1}.Release|Any CPU.ActiveCfg = Release|Any CPU
		{C11A1A5D-5740-4270-9A02-F66BF0909FC1}.Release|Any CPU.Build.0 = Release|Any CPU
	EndGlobalSection
	GlobalSection(SolutionProperties) = preSolution
		HideSolutionNode = FALSE
	EndGlobalSection
	GlobalSection(ExtensibilityGlobals) = postSolution
		SolutionGuid = {8FC804D6-9641-4C72-A5EF-9B9F4C7B3314}
	EndGlobalSection
EndGlobal
